
Microsoft Visual Studio Solution File, Format Version 12.00
# Visual Studio Version 16
VisualStudioVersion = 16.0.30320.27
MinimumVisualStudioVersion = 10.0.40219.1
Project("{FAE04EC0-301F-11D3-BF4B-00C04F79EFBC}") = "Overwatch Hero Gen", "Overwatch Hero Gen\Overwatch Hero Gen.csproj", "{B3FC6F07-1ED4-4CC0-953A-EAFF44B8C617}"
EndProject
Global
	GlobalSection(SolutionConfigurationPlatforms) = preSolution
		Debug|Any CPU = Debug|Any CPU
		Release|Any CPU = Release|Any CPU
	EndGlobalSection
	GlobalSection(ProjectConfigurationPlatforms) = postSolution
		{B3FC6F07-1ED4-4CC0-953A-EAFF44B8C617}.Debug|Any CPU.ActiveCfg = Debug|Any CPU
		{B3FC6F07-1ED4-4CC0-953A-EAFF44B8C617}.Debug|Any CPU.Build.0 = Debug|Any CPU
		{B3FC6F07-1ED4-4CC0-953A-EAFF44B8C617}.Release|Any CPU.ActiveCfg = Release|Any CPU
		{B3FC6F07-1ED4-4CC0-953A-EAFF44B8C617}.Release|Any CPU.Build.0 = Release|Any CPU
	EndGlobalSection
	GlobalSection(SolutionProperties) = preSolution
		HideSolutionNode = FALSE
	EndGlobalSection
	GlobalSection(ExtensibilityGlobals) = postSolution
		SolutionGuid = {8C7F17D7-14BB-4F31-88FE-6ACB99C9169C}
	EndGlobalSection
EndGlobal
